
Microsoft Visual Studio Solution File, Format Version 12.00
# Visual Studio Version 17
VisualStudioVersion = 17.8.34408.163
MinimumVisualStudioVersion = 10.0.40219.1
Project("{8BC9CEB8-8B4A-11D0-8D11-00A0C91BC942}") = "naocenky1", "naocenky1\naocenky1.vcxproj", "{DCD9085C-E5A8-4E98-8B5A-4569EF7909B2}"
EndProject
Global
	GlobalSection(SolutionConfigurationPlatforms) = preSolution
		Debug|x64 = Debug|x64
		Debug|x86 = Debug|x86
		Release|x64 = Release|x64
		Release|x86 = Release|x86
	EndGlobalSection
	GlobalSection(ProjectConfigurationPlatforms) = postSolution
		{DCD9085C-E5A8-4E98-8B5A-4569EF7909B2}.Debug|x64.ActiveCfg = Debug|x64
		{DCD9085C-E5A8-4E98-8B5A-4569EF7909B2}.Debug|x64.Build.0 = Debug|x64
		{DCD9085C-E5A8-4E98-8B5A-4569EF7909B2}.Debug|x86.ActiveCfg = Debug|Win32
		{DCD9085C-E5A8-4E98-8B5A-4569EF7909B2}.Debug|x86.Build.0 = Debug|Win32
		{DCD9085C-E5A8-4E98-8B5A-4569EF7909B2}.Release|x64.ActiveCfg = Release|x64
		{DCD9085C-E5A8-4E98-8B5A-4569EF7909B2}.Release|x64.Build.0 = Release|x64
		{DCD9085C-E5A8-4E98-8B5A-4569EF7909B2}.Release|x86.ActiveCfg = Release|Win32
		{DCD9085C-E5A8-4E98-8B5A-4569EF7909B2}.Release|x86.Build.0 = Release|Win32
	EndGlobalSection
	GlobalSection(SolutionProperties) = preSolution
		HideSolutionNode = FALSE
	EndGlobalSection
	GlobalSection(ExtensibilityGlobals) = postSolution
		SolutionGuid = {8AB4E9D1-7CD3-4C36-82F7-6B4657E37019}
	EndGlobalSection
EndGlobal
